
Microsoft Visual Studio Solution File, Format Version 12.00
# Visual Studio Version 16
VisualStudioVersion = 16.0.29306.81
MinimumVisualStudioVersion = 10.0.40219.1
Project("{FAE04EC0-301F-11D3-BF4B-00C04F79EFBC}") = "MiPrimeraAplicacionWeb", "MiPrimeraAplicacionWeb.csproj", "{3315CABC-CB8B-46AA-A075-3C37CEEC1A62}"
EndProject
Global
	GlobalSection(SolutionConfigurationPlatforms) = preSolution
		Debug|Any CPU = Debug|Any CPU
		Release|Any CPU = Release|Any CPU
	EndGlobalSection
	GlobalSection(ProjectConfigurationPlatforms) = postSolution
		{3315CABC-CB8B-46AA-A075-3C37CEEC1A62}.Debug|Any CPU.ActiveCfg = Debug|Any CPU
		{3315CABC-CB8B-46AA-A075-3C37CEEC1A62}.Debug|Any CPU.Build.0 = Debug|Any CPU
		{3315CABC-CB8B-46AA-A075-3C37CEEC1A62}.Release|Any CPU.ActiveCfg = Release|Any CPU
		{3315CABC-CB8B-46AA-A075-3C37CEEC1A62}.Release|Any CPU.Build.0 = Release|Any CPU
	EndGlobalSection
	GlobalSection(SolutionProperties) = preSolution
		HideSolutionNode = FALSE
	EndGlobalSection
	GlobalSection(ExtensibilityGlobals) = postSolution
		SolutionGuid = {DEA82DDB-536D-4C97-BB23-B6C19503BFE1}
	EndGlobalSection
EndGlobal
